// !$*UTF8*$!
{
	archiveVersion = 1;
	classes = {
	};
	objectVersion = 56;
	objects = {

/* Begin PBXBuildFile section */
		2065205529D8D8A700400359 /* AppDelegate.swift in Sources */ = {isa = PBXBuildFile; fileRef = 2065205429D8D8A700400359 /* AppDelegate.swift */; };
		2065205929D8D8A700400359 /* Main.html in Resources */ = {isa = PBXBuildFile; fileRef = 2065205729D8D8A700400359 /* Main.html */; };
		2065205B29D8D8A700400359 /* Icon.png in Resources */ = {isa = PBXBuildFile; fileRef = 2065205A29D8D8A700400359 /* Icon.png */; };
		2065205D29D8D8A700400359 /* Style.css in Resources */ = {isa = PBXBuildFile; fileRef = 2065205C29D8D8A700400359 /* Style.css */; };
		2065205F29D8D8A700400359 /* Script.js in Resources */ = {isa = PBXBuildFile; fileRef = 2065205E29D8D8A700400359 /* Script.js */; };
		2065206129D8D8A700400359 /* ViewController.swift in Sources */ = {isa = PBXBuildFile; fileRef = 2065206029D8D8A700400359 /* ViewController.swift */; };
		2065206429D8D8A700400359 /* Main.storyboard in Resources */ = {isa = PBXBuildFile; fileRef = 2065206229D8D8A700400359 /* Main.storyboard */; };
		2065206629D8D8A800400359 /* Assets.xcassets in Resources */ = {isa = PBXBuildFile; fileRef = 2065206529D8D8A800400359 /* Assets.xcassets */; };
		2065206F29D8D8A900400359 /* Dangerboard Start Page Extension.appex in Embed Foundation Extensions */ = {isa = PBXBuildFile; fileRef = 2065206E29D8D8A900400359 /* Dangerboard Start Page Extension.appex */; settings = {ATTRIBUTES = (RemoveHeadersOnCopy, ); }; };
		2065207429D8D8A900400359 /* SafariWebExtensionHandler.swift in Sources */ = {isa = PBXBuildFile; fileRef = 2065207329D8D8A900400359 /* SafariWebExtensionHandler.swift */; };
		2065208C29D8D8A900400359 /* 48.png in Resources */ = {isa = PBXBuildFile; fileRef = 2065208129D8D8A900400359 /* 48.png */; };
		2065208D29D8D8A900400359 /* index.html in Resources */ = {isa = PBXBuildFile; fileRef = 2065208229D8D8A900400359 /* index.html */; };
		2065208E29D8D8A900400359 /* LICENSE in Resources */ = {isa = PBXBuildFile; fileRef = 2065208329D8D8A900400359 /* LICENSE */; };
		2065208F29D8D8A900400359 /* css in Resources */ = {isa = PBXBuildFile; fileRef = 2065208429D8D8A900400359 /* css */; };
		2065209029D8D8A900400359 /* js in Resources */ = {isa = PBXBuildFile; fileRef = 2065208529D8D8A900400359 /* js */; };
		2065209129D8D8A900400359 /* 128.png in Resources */ = {isa = PBXBuildFile; fileRef = 2065208629D8D8A900400359 /* 128.png */; };
		2065209229D8D8A900400359 /* options.js in Resources */ = {isa = PBXBuildFile; fileRef = 2065208729D8D8A900400359 /* options.js */; };
		2065209329D8D8A900400359 /* 16.png in Resources */ = {isa = PBXBuildFile; fileRef = 2065208829D8D8A900400359 /* 16.png */; };
		2065209429D8D8A900400359 /* 32.png in Resources */ = {isa = PBXBuildFile; fileRef = 2065208929D8D8A900400359 /* 32.png */; };
		2065209529D8D8A900400359 /* manifest.json in Resources */ = {isa = PBXBuildFile; fileRef = 2065208A29D8D8A900400359 /* manifest.json */; };
		2065209629D8D8A900400359 /* options.html in Resources */ = {isa = PBXBuildFile; fileRef = 2065208B29D8D8A900400359 /* options.html */; };
/* End PBXBuildFile section */

/* Begin PBXContainerItemProxy section */
		2065207029D8D8A900400359 /* PBXContainerItemProxy */ = {
			isa = PBXContainerItemProxy;
			containerPortal = 2065204929D8D8A700400359 /* Project object */;
			proxyType = 1;
			remoteGlobalIDString = 2065206D29D8D8A900400359;
			remoteInfo = "Dangerboard Start Page Extension";
		};
/* End PBXContainerItemProxy section */

/* Begin PBXCopyFilesBuildPhase section */
		2065207C29D8D8A900400359 /* Embed Foundation Extensions */ = {
			isa = PBXCopyFilesBuildPhase;
			buildActionMask = 2147483647;
			dstPath = "";
			dstSubfolderSpec = 13;
			files = (
				2065206F29D8D8A900400359 /* Dangerboard Start Page Extension.appex in Embed Foundation Extensions */,
			);
			name = "Embed Foundation Extensions";
			runOnlyForDeploymentPostprocessing = 0;
		};
/* End PBXCopyFilesBuildPhase section */

/* Begin PBXFileReference section */
		2065205129D8D8A700400359 /* Dangerboard Start Page.app */ = {isa = PBXFileReference; explicitFileType = wrapper.application; includeInIndex = 0; path = "Dangerboard Start Page.app"; sourceTree = BUILT_PRODUCTS_DIR; };
		2065205429D8D8A700400359 /* AppDelegate.swift */ = {isa = PBXFileReference; lastKnownFileType = sourcecode.swift; path = AppDelegate.swift; sourceTree = "<group>"; };
		2065205829D8D8A700400359 /* Base */ = {isa = PBXFileReference; lastKnownFileType = text.html; name = Base; path = ../Base.lproj/Main.html; sourceTree = "<group>"; };
		2065205A29D8D8A700400359 /* Icon.png */ = {isa = PBXFileReference; lastKnownFileType = image.png; path = Icon.png; sourceTree = "<group>"; };
		2065205C29D8D8A700400359 /* Style.css */ = {isa = PBXFileReference; lastKnownFileType = text.css; path = Style.css; sourceTree = "<group>"; };
		2065205E29D8D8A700400359 /* Script.js */ = {isa = PBXFileReference; lastKnownFileType = sourcecode.javascript; path = Script.js; sourceTree = "<group>"; };
		2065206029D8D8A700400359 /* ViewController.swift */ = {isa = PBXFileReference; lastKnownFileType = sourcecode.swift; path = ViewController.swift; sourceTree = "<group>"; };
		2065206329D8D8A700400359 /* Base */ = {isa = PBXFileReference; lastKnownFileType = file.storyboard; name = Base; path = Base.lproj/Main.storyboard; sourceTree = "<group>"; };
		2065206529D8D8A800400359 /* Assets.xcassets */ = {isa = PBXFileReference; lastKnownFileType = folder.assetcatalog; path = Assets.xcassets; sourceTree = "<group>"; };
		2065206729D8D8A800400359 /* Info.plist */ = {isa = PBXFileReference; lastKnownFileType = text.plist.xml; path = Info.plist; sourceTree = "<group>"; };
		2065206829D8D8A800400359 /* Dangerboard_Start_Page.entitlements */ = {isa = PBXFileReference; lastKnownFileType = text.plist.entitlements; path = Dangerboard_Start_Page.entitlements; sourceTree = "<group>"; };
		2065206929D8D8A800400359 /* Dangerboard Start Page.entitlements */ = {isa = PBXFileReference; lastKnownFileType = text.plist.entitlements; path = "Dangerboard Start Page.entitlements"; sourceTree = "<group>"; };
		2065206E29D8D8A900400359 /* Dangerboard Start Page Extension.appex */ = {isa = PBXFileReference; explicitFileType = "wrapper.app-extension"; includeInIndex = 0; path = "Dangerboard Start Page Extension.appex"; sourceTree = BUILT_PRODUCTS_DIR; };
		2065207329D8D8A900400359 /* SafariWebExtensionHandler.swift */ = {isa = PBXFileReference; lastKnownFileType = sourcecode.swift; path = SafariWebExtensionHandler.swift; sourceTree = "<group>"; };
		2065207529D8D8A900400359 /* Info.plist */ = {isa = PBXFileReference; lastKnownFileType = text.plist.xml; path = Info.plist; sourceTree = "<group>"; };
		2065207629D8D8A900400359 /* Dangerboard_Start_Page_Extension.entitlements */ = {isa = PBXFileReference; lastKnownFileType = text.plist.entitlements; path = Dangerboard_Start_Page_Extension.entitlements; sourceTree = "<group>"; };
		2065208129D8D8A900400359 /* 48.png */ = {isa = PBXFileReference; lastKnownFileType = image.png; path = 48.png; sourceTree = "<group>"; };
		2065208229D8D8A900400359 /* index.html */ = {isa = PBXFileReference; lastKnownFileType = text.html; path = index.html; sourceTree = "<group>"; };
		2065208329D8D8A900400359 /* LICENSE */ = {isa = PBXFileReference; lastKnownFileType = text; path = LICENSE; sourceTree = "<group>"; };
		2065208429D8D8A900400359 /* css */ = {isa = PBXFileReference; lastKnownFileType = folder; path = css; sourceTree = "<group>"; };
		2065208529D8D8A900400359 /* js */ = {isa = PBXFileReference; lastKnownFileType = folder; path = js; sourceTree = "<group>"; };
		2065208629D8D8A900400359 /* 128.png */ = {isa = PBXFileReference; lastKnownFileType = image.png; path = 128.png; sourceTree = "<group>"; };
		2065208729D8D8A900400359 /* options.js */ = {isa = PBXFileReference; lastKnownFileType = sourcecode.javascript; path = options.js; sourceTree = "<group>"; };
		2065208829D8D8A900400359 /* 16.png */ = {isa = PBXFileReference; lastKnownFileType = image.png; path = 16.png; sourceTree = "<group>"; };
		2065208929D8D8A900400359 /* 32.png */ = {isa = PBXFileReference; lastKnownFileType = image.png; path = 32.png; sourceTree = "<group>"; };
		2065208A29D8D8A900400359 /* manifest.json */ = {isa = PBXFileReference; lastKnownFileType = text.json; path = manifest.json; sourceTree = "<group>"; };
		2065208B29D8D8A900400359 /* options.html */ = {isa = PBXFileReference; lastKnownFileType = text.html; path = options.html; sourceTree = "<group>"; };
/* End PBXFileReference section */

/* Begin PBXFrameworksBuildPhase section */
		2065204E29D8D8A700400359 /* Frameworks */ = {
			isa = PBXFrameworksBuildPhase;
			buildActionMask = 2147483647;
			files = (
			);
			runOnlyForDeploymentPostprocessing = 0;
		};
		2065206B29D8D8A900400359 /* Frameworks */ = {
			isa = PBXFrameworksBuildPhase;
			buildActionMask = 2147483647;
			files = (
			);
			runOnlyForDeploymentPostprocessing = 0;
		};
/* End PBXFrameworksBuildPhase section */

/* Begin PBXGroup section */
		2065204829D8D8A700400359 = {
			isa = PBXGroup;
			children = (
				2065205329D8D8A700400359 /* Dangerboard Start Page */,
				2065207229D8D8A900400359 /* Dangerboard Start Page Extension */,
				2065205229D8D8A700400359 /* Products */,
			);
			sourceTree = "<group>";
		};
		2065205229D8D8A700400359 /* Products */ = {
			isa = PBXGroup;
			children = (
				2065205129D8D8A700400359 /* Dangerboard Start Page.app */,
				2065206E29D8D8A900400359 /* Dangerboard Start Page Extension.appex */,
			);
			name = Products;
			sourceTree = "<group>";
		};
		2065205329D8D8A700400359 /* Dangerboard Start Page */ = {
			isa = PBXGroup;
			children = (
				2065205429D8D8A700400359 /* AppDelegate.swift */,
				2065206029D8D8A700400359 /* ViewController.swift */,
				2065206229D8D8A700400359 /* Main.storyboard */,
				2065206529D8D8A800400359 /* Assets.xcassets */,
				2065206729D8D8A800400359 /* Info.plist */,
				2065206829D8D8A800400359 /* Dangerboard_Start_Page.entitlements */,
				2065206929D8D8A800400359 /* Dangerboard Start Page.entitlements */,
				2065205629D8D8A700400359 /* Resources */,
			);
			path = "Dangerboard Start Page";
			sourceTree = "<group>";
		};
		2065205629D8D8A700400359 /* Resources */ = {
			isa = PBXGroup;
			children = (
				2065205729D8D8A700400359 /* Main.html */,
				2065205A29D8D8A700400359 /* Icon.png */,
				2065205C29D8D8A700400359 /* Style.css */,
				2065205E29D8D8A700400359 /* Script.js */,
			);
			path = Resources;
			sourceTree = "<group>";
		};
		2065207229D8D8A900400359 /* Dangerboard Start Page Extension */ = {
			isa = PBXGroup;
			children = (
				2065208029D8D8A900400359 /* Resources */,
				2065207329D8D8A900400359 /* SafariWebExtensionHandler.swift */,
				2065207529D8D8A900400359 /* Info.plist */,
				2065207629D8D8A900400359 /* Dangerboard_Start_Page_Extension.entitlements */,
			);
			path = "Dangerboard Start Page Extension";
			sourceTree = "<group>";
		};
		2065208029D8D8A900400359 /* Resources */ = {
			isa = PBXGroup;
			children = (
				2065208129D8D8A900400359 /* 48.png */,
				2065208229D8D8A900400359 /* index.html */,
				2065208329D8D8A900400359 /* LICENSE */,
				2065208429D8D8A900400359 /* css */,
				2065208529D8D8A900400359 /* js */,
				2065208629D8D8A900400359 /* 128.png */,
				2065208729D8D8A900400359 /* options.js */,
				2065208829D8D8A900400359 /* 16.png */,
				2065208929D8D8A900400359 /* 32.png */,
				2065208A29D8D8A900400359 /* manifest.json */,
				2065208B29D8D8A900400359 /* options.html */,
			);
			name = Resources;
			path = "Dangerboard Start Page Extension";
			sourceTree = SOURCE_ROOT;
		};
/* End PBXGroup section */

/* Begin PBXNativeTarget section */
		2065205029D8D8A700400359 /* Dangerboard Start Page */ = {
			isa = PBXNativeTarget;
			buildConfigurationList = 2065207D29D8D8A900400359 /* Build configuration list for PBXNativeTarget "Dangerboard Start Page" */;
			buildPhases = (
				2065204D29D8D8A700400359 /* Sources */,
				2065204E29D8D8A700400359 /* Frameworks */,
				2065204F29D8D8A700400359 /* Resources */,
				2065207C29D8D8A900400359 /* Embed Foundation Extensions */,
			);
			buildRules = (
			);
			dependencies = (
				2065207129D8D8A900400359 /* PBXTargetDependency */,
			);
			name = "Dangerboard Start Page";
			productName = "Dangerboard Start Page";
			productReference = 2065205129D8D8A700400359 /* Dangerboard Start Page.app */;
			productType = "com.apple.product-type.application";
		};
		2065206D29D8D8A900400359 /* Dangerboard Start Page Extension */ = {
			isa = PBXNativeTarget;
			buildConfigurationList = 2065207929D8D8A900400359 /* Build configuration list for PBXNativeTarget "Dangerboard Start Page Extension" */;
			buildPhases = (
				2065206A29D8D8A900400359 /* Sources */,
				2065206B29D8D8A900400359 /* Frameworks */,
				2065206C29D8D8A900400359 /* Resources */,
			);
			buildRules = (
			);
			dependencies = (
			);
			name = "Dangerboard Start Page Extension";
			productName = "Dangerboard Start Page Extension";
			productReference = 2065206E29D8D8A900400359 /* Dangerboard Start Page Extension.appex */;
			productType = "com.apple.product-type.app-extension";
		};
/* End PBXNativeTarget section */

/* Begin PBXProject section */
		2065204929D8D8A700400359 /* Project object */ = {
			isa = PBXProject;
			attributes = {
				BuildIndependentTargetsInParallel = 1;
				LastSwiftUpdateCheck = 1420;
				LastUpgradeCheck = 1430;
				TargetAttributes = {
					2065205029D8D8A700400359 = {
						CreatedOnToolsVersion = 14.2;
					};
					2065206D29D8D8A900400359 = {
						CreatedOnToolsVersion = 14.2;
					};
				};
			};
			buildConfigurationList = 2065204C29D8D8A700400359 /* Build configuration list for PBXProject "Dangerboard Start Page" */;
			compatibilityVersion = "Xcode 14.0";
			developmentRegion = en;
			hasScannedForEncodings = 0;
			knownRegions = (
				en,
				Base,
			);
			mainGroup = 2065204829D8D8A700400359;
			productRefGroup = 2065205229D8D8A700400359 /* Products */;
			projectDirPath = "";
			projectRoot = "";
			targets = (
				2065205029D8D8A700400359 /* Dangerboard Start Page */,
				2065206D29D8D8A900400359 /* Dangerboard Start Page Extension */,
			);
		};
/* End PBXProject section */

/* Begin PBXResourcesBuildPhase section */
		2065204F29D8D8A700400359 /* Resources */ = {
			isa = PBXResourcesBuildPhase;
			buildActionMask = 2147483647;
			files = (
				2065205B29D8D8A700400359 /* Icon.png in Resources */,
				2065206429D8D8A700400359 /* Main.storyboard in Resources */,
				2065205F29D8D8A700400359 /* Script.js in Resources */,
				2065205929D8D8A700400359 /* Main.html in Resources */,
				2065206629D8D8A800400359 /* Assets.xcassets in Resources */,
				2065205D29D8D8A700400359 /* Style.css in Resources */,
			);
			runOnlyForDeploymentPostprocessing = 0;
		};
		2065206C29D8D8A900400359 /* Resources */ = {
			isa = PBXResourcesBuildPhase;
			buildActionMask = 2147483647;
			files = (
				2065209329D8D8A900400359 /* 16.png in Resources */,
				2065209029D8D8A900400359 /* js in Resources */,
				2065209529D8D8A900400359 /* manifest.json in Resources */,
				2065209429D8D8A900400359 /* 32.png in Resources */,
				2065209629D8D8A900400359 /* options.html in Resources */,
				2065208F29D8D8A900400359 /* css in Resources */,
				2065208E29D8D8A900400359 /* LICENSE in Resources */,
				2065209229D8D8A900400359 /* options.js in Resources */,
				2065209129D8D8A900400359 /* 128.png in Resources */,
				2065208C29D8D8A900400359 /* 48.png in Resources */,
				2065208D29D8D8A900400359 /* index.html in Resources */,
			);
			runOnlyForDeploymentPostprocessing = 0;
		};
/* End PBXResourcesBuildPhase section */

/* Begin PBXSourcesBuildPhase section */
		2065204D29D8D8A700400359 /* Sources */ = {
			isa = PBXSourcesBuildPhase;
			buildActionMask = 2147483647;
			files = (
				2065206129D8D8A700400359 /* ViewController.swift in Sources */,
				2065205529D8D8A700400359 /* AppDelegate.swift in Sources */,
			);
			runOnlyForDeploymentPostprocessing = 0;
		};
		2065206A29D8D8A900400359 /* Sources */ = {
			isa = PBXSourcesBuildPhase;
			buildActionMask = 2147483647;
			files = (
				2065207429D8D8A900400359 /* SafariWebExtensionHandler.swift in Sources */,
			);
			runOnlyForDeploymentPostprocessing = 0;
		};
/* End PBXSourcesBuildPhase section */

/* Begin PBXTargetDependency section */
		2065207129D8D8A900400359 /* PBXTargetDependency */ = {
			isa = PBXTargetDependency;
			target = 2065206D29D8D8A900400359 /* Dangerboard Start Page Extension */;
			targetProxy = 2065207029D8D8A900400359 /* PBXContainerItemProxy */;
		};
/* End PBXTargetDependency section */

/* Begin PBXVariantGroup section */
		2065205729D8D8A700400359 /* Main.html */ = {
			isa = PBXVariantGroup;
			children = (
				2065205829D8D8A700400359 /* Base */,
			);
			name = Main.html;
			sourceTree = "<group>";
		};
		2065206229D8D8A700400359 /* Main.storyboard */ = {
			isa = PBXVariantGroup;
			children = (
				2065206329D8D8A700400359 /* Base */,
			);
			name = Main.storyboard;
			sourceTree = "<group>";
		};
/* End PBXVariantGroup section */

/* Begin XCBuildConfiguration section */
		2065207729D8D8A900400359 /* Debug */ = {
			isa = XCBuildConfiguration;
			buildSettings = {
				ALWAYS_SEARCH_USER_PATHS = NO;
				CLANG_ANALYZER_NONNULL = YES;
				CLANG_ANALYZER_NUMBER_OBJECT_CONVERSION = YES_AGGRESSIVE;
				CLANG_CXX_LANGUAGE_STANDARD = "gnu++20";
				CLANG_ENABLE_MODULES = YES;
				CLANG_ENABLE_OBJC_ARC = YES;
				CLANG_ENABLE_OBJC_WEAK = YES;
				CLANG_WARN_BLOCK_CAPTURE_AUTORELEASING = YES;
				CLANG_WARN_BOOL_CONVERSION = YES;
				CLANG_WARN_COMMA = YES;
				CLANG_WARN_CONSTANT_CONVERSION = YES;
				CLANG_WARN_DEPRECATED_OBJC_IMPLEMENTATIONS = YES;
				CLANG_WARN_DIRECT_OBJC_ISA_USAGE = YES_ERROR;
				CLANG_WARN_DOCUMENTATION_COMMENTS = YES;
				CLANG_WARN_EMPTY_BODY = YES;
				CLANG_WARN_ENUM_CONVERSION = YES;
				CLANG_WARN_INFINITE_RECURSION = YES;
				CLANG_WARN_INT_CONVERSION = YES;
				CLANG_WARN_NON_LITERAL_NULL_CONVERSION = YES;
				CLANG_WARN_OBJC_IMPLICIT_RETAIN_SELF = YES;
				CLANG_WARN_OBJC_LITERAL_CONVERSION = YES;
				CLANG_WARN_OBJC_ROOT_CLASS = YES_ERROR;
				CLANG_WARN_QUOTED_INCLUDE_IN_FRAMEWORK_HEADER = YES;
				CLANG_WARN_RANGE_LOOP_ANALYSIS = YES;
				CLANG_WARN_STRICT_PROTOTYPES = YES;
				CLANG_WARN_SUSPICIOUS_MOVE = YES;
				CLANG_WARN_UNGUARDED_AVAILABILITY = YES_AGGRESSIVE;
				CLANG_WARN_UNREACHABLE_CODE = YES;
				CLANG_WARN__DUPLICATE_METHOD_MATCH = YES;
				COPY_PHASE_STRIP = NO;
				DEAD_CODE_STRIPPING = YES;
				DEBUG_INFORMATION_FORMAT = dwarf;
				ENABLE_STRICT_OBJC_MSGSEND = YES;
				ENABLE_TESTABILITY = YES;
				GCC_C_LANGUAGE_STANDARD = gnu11;
				GCC_DYNAMIC_NO_PIC = NO;
				GCC_NO_COMMON_BLOCKS = YES;
				GCC_OPTIMIZATION_LEVEL = 0;
				GCC_PREPROCESSOR_DEFINITIONS = (
					"DEBUG=1",
					"$(inherited)",
				);
				GCC_WARN_64_TO_32_BIT_CONVERSION = YES;
				GCC_WARN_ABOUT_RETURN_TYPE = YES_ERROR;
				GCC_WARN_UNDECLARED_SELECTOR = YES;
				GCC_WARN_UNINITIALIZED_AUTOS = YES_AGGRESSIVE;
				GCC_WARN_UNUSED_FUNCTION = YES;
				GCC_WARN_UNUSED_VARIABLE = YES;
				MACOSX_DEPLOYMENT_TARGET = 13.1;
				MTL_ENABLE_DEBUG_INFO = INCLUDE_SOURCE;
				MTL_FAST_MATH = YES;
				ONLY_ACTIVE_ARCH = YES;
				SDKROOT = macosx;
				SWIFT_ACTIVE_COMPILATION_CONDITIONS = DEBUG;
				SWIFT_OPTIMIZATION_LEVEL = "-Onone";
			};
			name = Debug;
		};
		2065207829D8D8A900400359 /* Release */ = {
			isa = XCBuildConfiguration;
			buildSettings = {
				ALWAYS_SEARCH_USER_PATHS = NO;
				CLANG_ANALYZER_NONNULL = YES;
				CLANG_ANALYZER_NUMBER_OBJECT_CONVERSION = YES_AGGRESSIVE;
				CLANG_CXX_LANGUAGE_STANDARD = "gnu++20";
				CLANG_ENABLE_MODULES = YES;
				CLANG_ENABLE_OBJC_ARC = YES;
				CLANG_ENABLE_OBJC_WEAK = YES;
				CLANG_WARN_BLOCK_CAPTURE_AUTORELEASING = YES;
				CLANG_WARN_BOOL_CONVERSION = YES;
				CLANG_WARN_COMMA = YES;
				CLANG_WARN_CONSTANT_CONVERSION = YES;
				CLANG_WARN_DEPRECATED_OBJC_IMPLEMENTATIONS = YES;
				CLANG_WARN_DIRECT_OBJC_ISA_USAGE = YES_ERROR;
				CLANG_WARN_DOCUMENTATION_COMMENTS = YES;
				CLANG_WARN_EMPTY_BODY = YES;
				CLANG_WARN_ENUM_CONVERSION = YES;
				CLANG_WARN_INFINITE_RECURSION = YES;
				CLANG_WARN_INT_CONVERSION = YES;
				CLANG_WARN_NON_LITERAL_NULL_CONVERSION = YES;
				CLANG_WARN_OBJC_IMPLICIT_RETAIN_SELF = YES;
				CLANG_WARN_OBJC_LITERAL_CONVERSION = YES;
				CLANG_WARN_OBJC_ROOT_CLASS = YES_ERROR;
				CLANG_WARN_QUOTED_INCLUDE_IN_FRAMEWORK_HEADER = YES;
				CLANG_WARN_RANGE_LOOP_ANALYSIS = YES;
				CLANG_WARN_STRICT_PROTOTYPES = YES;
				CLANG_WARN_SUSPICIOUS_MOVE = YES;
				CLANG_WARN_UNGUARDED_AVAILABILITY = YES_AGGRESSIVE;
				CLANG_WARN_UNREACHABLE_CODE = YES;
				CLANG_WARN__DUPLICATE_METHOD_MATCH = YES;
				COPY_PHASE_STRIP = NO;
				DEAD_CODE_STRIPPING = YES;
				DEBUG_INFORMATION_FORMAT = "dwarf-with-dsym";
				ENABLE_NS_ASSERTIONS = NO;
				ENABLE_STRICT_OBJC_MSGSEND = YES;
				GCC_C_LANGUAGE_STANDARD = gnu11;
				GCC_NO_COMMON_BLOCKS = YES;
				GCC_WARN_64_TO_32_BIT_CONVERSION = YES;
				GCC_WARN_ABOUT_RETURN_TYPE = YES_ERROR;
				GCC_WARN_UNDECLARED_SELECTOR = YES;
				GCC_WARN_UNINITIALIZED_AUTOS = YES_AGGRESSIVE;
				GCC_WARN_UNUSED_FUNCTION = YES;
				GCC_WARN_UNUSED_VARIABLE = YES;
				MACOSX_DEPLOYMENT_TARGET = 13.1;
				MTL_ENABLE_DEBUG_INFO = NO;
				MTL_FAST_MATH = YES;
				SDKROOT = macosx;
				SWIFT_COMPILATION_MODE = wholemodule;
				SWIFT_OPTIMIZATION_LEVEL = "-O";
			};
			name = Release;
		};
		2065207A29D8D8A900400359 /* Debug */ = {
			isa = XCBuildConfiguration;
			buildSettings = {
				CODE_SIGN_ENTITLEMENTS = "Dangerboard Start Page Extension/Dangerboard_Start_Page_Extension.entitlements";
				CODE_SIGN_STYLE = Automatic;
				CURRENT_PROJECT_VERSION = 2;
				DEAD_CODE_STRIPPING = YES;
				DEVELOPMENT_TEAM = AAEG38WN8A;
				ENABLE_HARDENED_RUNTIME = YES;
				GENERATE_INFOPLIST_FILE = YES;
				INFOPLIST_FILE = "Dangerboard Start Page Extension/Info.plist";
				INFOPLIST_KEY_CFBundleDisplayName = "Dangerboard Start Page Extension";
				INFOPLIST_KEY_LSApplicationCategoryType = "public.app-category.healthcare-fitness";
				INFOPLIST_KEY_NSHumanReadableCopyright = "";
				LD_RUNPATH_SEARCH_PATHS = (
					"$(inherited)",
					"@executable_path/../Frameworks",
					"@executable_path/../../../../Frameworks",
				);
				MACOSX_DEPLOYMENT_TARGET = "$(RECOMMENDED_MACOSX_DEPLOYMENT_TARGET)";
				MARKETING_VERSION = 5.0;
				OTHER_LDFLAGS = (
					"-framework",
					SafariServices,
				);
				PRODUCT_BUNDLE_IDENTIFIER = "com.gordonturner.Dangerboard-Start-Page.Extension";
				PRODUCT_NAME = "$(TARGET_NAME)";
				SKIP_INSTALL = YES;
				SWIFT_EMIT_LOC_STRINGS = YES;
				SWIFT_VERSION = 5.0;
			};
			name = Debug;
		};
		2065207B29D8D8A900400359 /* Release */ = {
			isa = XCBuildConfiguration;
			buildSettings = {
				CODE_SIGN_ENTITLEMENTS = "Dangerboard Start Page Extension/Dangerboard_Start_Page_Extension.entitlements";
				CODE_SIGN_STYLE = Automatic;
				CURRENT_PROJECT_VERSION = 2;
				DEAD_CODE_STRIPPING = YES;
				DEVELOPMENT_TEAM = AAEG38WN8A;
				ENABLE_HARDENED_RUNTIME = YES;
				GENERATE_INFOPLIST_FILE = YES;
				INFOPLIST_FILE = "Dangerboard Start Page Extension/Info.plist";
				INFOPLIST_KEY_CFBundleDisplayName = "Dangerboard Start Page Extension";
				INFOPLIST_KEY_LSApplicationCategoryType = "public.app-category.healthcare-fitness";
				INFOPLIST_KEY_NSHumanReadableCopyright = "";
				LD_RUNPATH_SEARCH_PATHS = (
					"$(inherited)",
					"@executable_path/../Frameworks",
					"@executable_path/../../../../Frameworks",
				);
				MACOSX_DEPLOYMENT_TARGET = "$(RECOMMENDED_MACOSX_DEPLOYMENT_TARGET)";
				MARKETING_VERSION = 5.0;
				OTHER_LDFLAGS = (
					"-framework",
					SafariServices,
				);
				PRODUCT_BUNDLE_IDENTIFIER = "com.gordonturner.Dangerboard-Start-Page.Extension";
				PRODUCT_NAME = "$(TARGET_NAME)";
				SKIP_INSTALL = YES;
				SWIFT_EMIT_LOC_STRINGS = YES;
				SWIFT_VERSION = 5.0;
			};
			name = Release;
		};
		2065207E29D8D8A900400359 /* Debug */ = {
			isa = XCBuildConfiguration;
			buildSettings = {
				ALWAYS_EMBED_SWIFT_STANDARD_LIBRARIES = YES;
				ASSETCATALOG_COMPILER_APPICON_NAME = AppIcon;
				ASSETCATALOG_COMPILER_GLOBAL_ACCENT_COLOR_NAME = AccentColor;
				CODE_SIGN_ENTITLEMENTS = "Dangerboard Start Page/Dangerboard Start Page.entitlements";
				CODE_SIGN_STYLE = Automatic;
				COMBINE_HIDPI_IMAGES = YES;
				CURRENT_PROJECT_VERSION = 2;
				DEAD_CODE_STRIPPING = YES;
				DEVELOPMENT_TEAM = AAEG38WN8A;
				ENABLE_HARDENED_RUNTIME = YES;
				GENERATE_INFOPLIST_FILE = YES;
				INFOPLIST_FILE = "Dangerboard Start Page/Info.plist";
				INFOPLIST_KEY_CFBundleDisplayName = "Dangerboard Start Page";
				INFOPLIST_KEY_LSApplicationCategoryType = "public.app-category.healthcare-fitness";
				INFOPLIST_KEY_NSHumanReadableCopyright = "";
				INFOPLIST_KEY_NSMainStoryboardFile = Main;
				INFOPLIST_KEY_NSPrincipalClass = NSApplication;
				LD_RUNPATH_SEARCH_PATHS = (
					"$(inherited)",
					"@executable_path/../Frameworks",
				);
				MACOSX_DEPLOYMENT_TARGET = "$(RECOMMENDED_MACOSX_DEPLOYMENT_TARGET)";
				MARKETING_VERSION = 5.0;
				OTHER_LDFLAGS = (
					"-framework",
					SafariServices,
					"-framework",
					WebKit,
				);
				PRODUCT_BUNDLE_IDENTIFIER = "com.gordonturner.Dangerboard-Start-Page";
				PRODUCT_NAME = "$(TARGET_NAME)";
				SWIFT_EMIT_LOC_STRINGS = YES;
				SWIFT_VERSION = 5.0;
			};
			name = Debug;
		};
		2065207F29D8D8A900400359 /* Release */ = {
			isa = XCBuildConfiguration;
			buildSettings = {
				ALWAYS_EMBED_SWIFT_STANDARD_LIBRARIES = YES;
				ASSETCATALOG_COMPILER_APPICON_NAME = AppIcon;
				ASSETCATALOG_COMPILER_GLOBAL_ACCENT_COLOR_NAME = AccentColor;
				CODE_SIGN_ENTITLEMENTS = "Dangerboard Start Page/Dangerboard Start Page.entitlements";
				CODE_SIGN_STYLE = Automatic;
				COMBINE_HIDPI_IMAGES = YES;
				CURRENT_PROJECT_VERSION = 2;
				DEAD_CODE_STRIPPING = YES;
				DEVELOPMENT_TEAM = AAEG38WN8A;
				ENABLE_HARDENED_RUNTIME = YES;
				GENERATE_INFOPLIST_FILE = YES;
				INFOPLIST_FILE = "Dangerboard Start Page/Info.plist";
				INFOPLIST_KEY_CFBundleDisplayName = "Dangerboard Start Page";
				INFOPLIST_KEY_LSApplicationCategoryType = "public.app-category.healthcare-fitness";
				INFOPLIST_KEY_NSHumanReadableCopyright = "";
				INFOPLIST_KEY_NSMainStoryboardFile = Main;
				INFOPLIST_KEY_NSPrincipalClass = NSApplication;
				LD_RUNPATH_SEARCH_PATHS = (
					"$(inherited)",
					"@executable_path/../Frameworks",
				);
				MACOSX_DEPLOYMENT_TARGET = "$(RECOMMENDED_MACOSX_DEPLOYMENT_TARGET)";
				MARKETING_VERSION = 5.0;
				OTHER_LDFLAGS = (
					"-framework",
					SafariServices,
					"-framework",
					WebKit,
				);
				PRODUCT_BUNDLE_IDENTIFIER = "com.gordonturner.Dangerboard-Start-Page";
				PRODUCT_NAME = "$(TARGET_NAME)";
				SWIFT_EMIT_LOC_STRINGS = YES;
				SWIFT_VERSION = 5.0;
			};
			name = Release;
		};
/* End XCBuildConfiguration section */

/* Begin XCConfigurationList section */
		2065204C29D8D8A700400359 /* Build configuration list for PBXProject "Dangerboard Start Page" */ = {
			isa = XCConfigurationList;
			buildConfigurations = (
				2065207729D8D8A900400359 /* Debug */,
				2065207829D8D8A900400359 /* Release */,
			);
			defaultConfigurationIsVisible = 0;
			defaultConfigurationName = Release;
		};
		2065207929D8D8A900400359 /* Build configuration list for PBXNativeTarget "Dangerboard Start Page Extension" */ = {
			isa = XCConfigurationList;
			buildConfigurations = (
				2065207A29D8D8A900400359 /* Debug */,
				2065207B29D8D8A900400359 /* Release */,
			);
			defaultConfigurationIsVisible = 0;
			defaultConfigurationName = Release;
		};
		2065207D29D8D8A900400359 /* Build configuration list for PBXNativeTarget "Dangerboard Start Page" */ = {
			isa = XCConfigurationList;
			buildConfigurations = (
				2065207E29D8D8A900400359 /* Debug */,
				2065207F29D8D8A900400359 /* Release */,
			);
			defaultConfigurationIsVisible = 0;
			defaultConfigurationName = Release;
		};
/* End XCConfigurationList section */
	};
	rootObject = 2065204929D8D8A700400359 /* Project object */;
}
